# This file was autogenerated by Stack.
# You should not edit this file by hand.
# For more information, please see the documentation at:
#   https://docs.haskellstack.org/en/stable/lock_files

packages:
- completed:
    hackage: main-tester-0.2.0.1@sha256:49eab84f96bb70e1530f4a256d9c41a7b4175c8c372b68e900074a61e9d1f073,2030
    pantry-tree:
      size: 485
      sha256: 834ad5165997cecb218cb1c92be681d693971c70d356c0ce10253b579eb0e72c
  original:
    hackage: main-tester-0.2.0.1
snapshots:
- completed:
    size: 428787
    url: https://raw.githubusercontent.com/commercialhaskell/stackage-snapshots/master/lts/6/35.yaml
    sha256: f2ce58e96ad78750c355afc8fcd0bfbd06c8e1381050c59bc5c934577ebef872
  original: lts-6.35
